// !$*UTF8*$!
{
	archiveVersion = 1;
	classes = {
	};
	objectVersion = 56;
	objects = {

/* Begin PBXBuildFile section */
		2D4E0EAD2BCB80AC005D7C78 /* stocksearchApp.swift in Sources */ = {isa = PBXBuildFile; fileRef = 2D4E0EAC2BCB80AC005D7C78 /* stocksearchApp.swift */; };
		2D4E0EAF2BCB80AC005D7C78 /* ContentView.swift in Sources */ = {isa = PBXBuildFile; fileRef = 2D4E0EAE2BCB80AC005D7C78 /* ContentView.swift */; };
		2D4E0EB12BCB80AE005D7C78 /* Assets.xcassets in Resources */ = {isa = PBXBuildFile; fileRef = 2D4E0EB02BCB80AE005D7C78 /* Assets.xcassets */; };
		2D4E0EB42BCB80AE005D7C78 /* Preview Assets.xcassets in Resources */ = {isa = PBXBuildFile; fileRef = 2D4E0EB32BCB80AE005D7C78 /* Preview Assets.xcassets */; };
		2D4E0EBE2BCB80AF005D7C78 /* stocksearchTests.swift in Sources */ = {isa = PBXBuildFile; fileRef = 2D4E0EBD2BCB80AF005D7C78 /* stocksearchTests.swift */; };
		2D4E0EC82BCB80AF005D7C78 /* stocksearchUITests.swift in Sources */ = {isa = PBXBuildFile; fileRef = 2D4E0EC72BCB80AF005D7C78 /* stocksearchUITests.swift */; };
		2D4E0ECA2BCB80AF005D7C78 /* stocksearchUITestsLaunchTests.swift in Sources */ = {isa = PBXBuildFile; fileRef = 2D4E0EC92BCB80AF005D7C78 /* stocksearchUITestsLaunchTests.swift */; };
		2D4E0ED82BCBA775005D7C78 /* HomeScreen.swift in Sources */ = {isa = PBXBuildFile; fileRef = 2D4E0ED72BCBA775005D7C78 /* HomeScreen.swift */; };
		2D4E0EDA2BCBAAAC005D7C78 /* DateViewModel.swift in Sources */ = {isa = PBXBuildFile; fileRef = 2D4E0ED92BCBAAAC005D7C78 /* DateViewModel.swift */; };
		2D4E0EDE2BCBAC3A005D7C78 /* DateView.swift in Sources */ = {isa = PBXBuildFile; fileRef = 2D4E0EDD2BCBAC3A005D7C78 /* DateView.swift */; };
		2D4E0EE22BCBB504005D7C78 /* PortfolioView.swift in Sources */ = {isa = PBXBuildFile; fileRef = 2D4E0EE12BCBB504005D7C78 /* PortfolioView.swift */; };
		2D4E0EE42BCBB518005D7C78 /* PortfolioViewModel.swift in Sources */ = {isa = PBXBuildFile; fileRef = 2D4E0EE32BCBB518005D7C78 /* PortfolioViewModel.swift */; };
		2D4E0EE62BCBB5B4005D7C78 /* StockModel.swift in Sources */ = {isa = PBXBuildFile; fileRef = 2D4E0EE52BCBB5B4005D7C78 /* StockModel.swift */; };
		2D4E0EE92BCBB6CE005D7C78 /* Alamofire in Frameworks */ = {isa = PBXBuildFile; productRef = 2D4E0EE82BCBB6CE005D7C78 /* Alamofire */; };
		2D4E0EEB2BCBBAC5005D7C78 /* UserDataModel.swift in Sources */ = {isa = PBXBuildFile; fileRef = 2D4E0EEA2BCBBAC5005D7C78 /* UserDataModel.swift */; };
		2D5472412BCD1E0C00EFE040 /* SearchViewModel.swift in Sources */ = {isa = PBXBuildFile; fileRef = 2D5472402BCD1E0C00EFE040 /* SearchViewModel.swift */; };
/* End PBXBuildFile section */

/* Begin PBXContainerItemProxy section */
		2D4E0EBA2BCB80AF005D7C78 /* PBXContainerItemProxy */ = {
			isa = PBXContainerItemProxy;
			containerPortal = 2D4E0EA12BCB80AC005D7C78 /* Project object */;
			proxyType = 1;
			remoteGlobalIDString = 2D4E0EA82BCB80AC005D7C78;
			remoteInfo = stocksearch;
		};
		2D4E0EC42BCB80AF005D7C78 /* PBXContainerItemProxy */ = {
			isa = PBXContainerItemProxy;
			containerPortal = 2D4E0EA12BCB80AC005D7C78 /* Project object */;
			proxyType = 1;
			remoteGlobalIDString = 2D4E0EA82BCB80AC005D7C78;
			remoteInfo = stocksearch;
		};
/* End PBXContainerItemProxy section */

/* Begin PBXFileReference section */
		2D4E0EA92BCB80AC005D7C78 /* stocksearch.app */ = {isa = PBXFileReference; explicitFileType = wrapper.application; includeInIndex = 0; path = stocksearch.app; sourceTree = BUILT_PRODUCTS_DIR; };
		2D4E0EAC2BCB80AC005D7C78 /* stocksearchApp.swift */ = {isa = PBXFileReference; lastKnownFileType = sourcecode.swift; path = stocksearchApp.swift; sourceTree = "<group>"; };
		2D4E0EAE2BCB80AC005D7C78 /* ContentView.swift */ = {isa = PBXFileReference; lastKnownFileType = sourcecode.swift; path = ContentView.swift; sourceTree = "<group>"; };
		2D4E0EB02BCB80AE005D7C78 /* Assets.xcassets */ = {isa = PBXFileReference; lastKnownFileType = folder.assetcatalog; path = Assets.xcassets; sourceTree = "<group>"; };
		2D4E0EB32BCB80AE005D7C78 /* Preview Assets.xcassets */ = {isa = PBXFileReference; lastKnownFileType = folder.assetcatalog; path = "Preview Assets.xcassets"; sourceTree = "<group>"; };
		2D4E0EB92BCB80AF005D7C78 /* stocksearchTests.xctest */ = {isa = PBXFileReference; explicitFileType = wrapper.cfbundle; includeInIndex = 0; path = stocksearchTests.xctest; sourceTree = BUILT_PRODUCTS_DIR; };
		2D4E0EBD2BCB80AF005D7C78 /* stocksearchTests.swift */ = {isa = PBXFileReference; lastKnownFileType = sourcecode.swift; path = stocksearchTests.swift; sourceTree = "<group>"; };
		2D4E0EC32BCB80AF005D7C78 /* stocksearchUITests.xctest */ = {isa = PBXFileReference; explicitFileType = wrapper.cfbundle; includeInIndex = 0; path = stocksearchUITests.xctest; sourceTree = BUILT_PRODUCTS_DIR; };
		2D4E0EC72BCB80AF005D7C78 /* stocksearchUITests.swift */ = {isa = PBXFileReference; lastKnownFileType = sourcecode.swift; path = stocksearchUITests.swift; sourceTree = "<group>"; };
		2D4E0EC92BCB80AF005D7C78 /* stocksearchUITestsLaunchTests.swift */ = {isa = PBXFileReference; lastKnownFileType = sourcecode.swift; path = stocksearchUITestsLaunchTests.swift; sourceTree = "<group>"; };
		2D4E0ED62BCB8B7C005D7C78 /* Info.plist */ = {isa = PBXFileReference; lastKnownFileType = text.plist; path = Info.plist; sourceTree = "<group>"; };
		2D4E0ED72BCBA775005D7C78 /* HomeScreen.swift */ = {isa = PBXFileReference; lastKnownFileType = sourcecode.swift; path = HomeScreen.swift; sourceTree = "<group>"; };
		2D4E0ED92BCBAAAC005D7C78 /* DateViewModel.swift */ = {isa = PBXFileReference; lastKnownFileType = sourcecode.swift; path = DateViewModel.swift; sourceTree = "<group>"; };
		2D4E0EDD2BCBAC3A005D7C78 /* DateView.swift */ = {isa = PBXFileReference; lastKnownFileType = sourcecode.swift; path = DateView.swift; sourceTree = "<group>"; };
		2D4E0EE12BCBB504005D7C78 /* PortfolioView.swift */ = {isa = PBXFileReference; lastKnownFileType = sourcecode.swift; path = PortfolioView.swift; sourceTree = "<group>"; };
		2D4E0EE32BCBB518005D7C78 /* PortfolioViewModel.swift */ = {isa = PBXFileReference; lastKnownFileType = sourcecode.swift; path = PortfolioViewModel.swift; sourceTree = "<group>"; };
		2D4E0EE52BCBB5B4005D7C78 /* StockModel.swift */ = {isa = PBXFileReference; lastKnownFileType = sourcecode.swift; path = StockModel.swift; sourceTree = "<group>"; };
		2D4E0EEA2BCBBAC5005D7C78 /* UserDataModel.swift */ = {isa = PBXFileReference; lastKnownFileType = sourcecode.swift; path = UserDataModel.swift; sourceTree = "<group>"; };
		2D5472402BCD1E0C00EFE040 /* SearchViewModel.swift */ = {isa = PBXFileReference; lastKnownFileType = sourcecode.swift; path = SearchViewModel.swift; sourceTree = "<group>"; };
/* End PBXFileReference section */

/* Begin PBXFrameworksBuildPhase section */
		2D4E0EA62BCB80AC005D7C78 /* Frameworks */ = {
			isa = PBXFrameworksBuildPhase;
			buildActionMask = 2147483647;
			files = (
				2D4E0EE92BCBB6CE005D7C78 /* Alamofire in Frameworks */,
			);
			runOnlyForDeploymentPostprocessing = 0;
		};
		2D4E0EB62BCB80AF005D7C78 /* Frameworks */ = {
			isa = PBXFrameworksBuildPhase;
			buildActionMask = 2147483647;
			files = (
			);
			runOnlyForDeploymentPostprocessing = 0;
		};
		2D4E0EC02BCB80AF005D7C78 /* Frameworks */ = {
			isa = PBXFrameworksBuildPhase;
			buildActionMask = 2147483647;
			files = (
			);
			runOnlyForDeploymentPostprocessing = 0;
		};
/* End PBXFrameworksBuildPhase section */

/* Begin PBXGroup section */
		2D4E0EA02BCB80AC005D7C78 = {
			isa = PBXGroup;
			children = (
				2D4E0EAB2BCB80AC005D7C78 /* stocksearch */,
				2D4E0EBC2BCB80AF005D7C78 /* stocksearchTests */,
				2D4E0EC62BCB80AF005D7C78 /* stocksearchUITests */,
				2D4E0EAA2BCB80AC005D7C78 /* Products */,
			);
			sourceTree = "<group>";
		};
		2D4E0EAA2BCB80AC005D7C78 /* Products */ = {
			isa = PBXGroup;
			children = (
				2D4E0EA92BCB80AC005D7C78 /* stocksearch.app */,
				2D4E0EB92BCB80AF005D7C78 /* stocksearchTests.xctest */,
				2D4E0EC32BCB80AF005D7C78 /* stocksearchUITests.xctest */,
			);
			name = Products;
			sourceTree = "<group>";
		};
		2D4E0EAB2BCB80AC005D7C78 /* stocksearch */ = {
			isa = PBXGroup;
			children = (
				2D4E0ED62BCB8B7C005D7C78 /* Info.plist */,
				2D4E0EAC2BCB80AC005D7C78 /* stocksearchApp.swift */,
				2D4E0EAE2BCB80AC005D7C78 /* ContentView.swift */,
				2D4E0EDF2BCBB4E4005D7C78 /* Views */,
				2D4E0EE02BCBB4EE005D7C78 /* Models */,
				2D4E0EB02BCB80AE005D7C78 /* Assets.xcassets */,
				2D4E0EB22BCB80AE005D7C78 /* Preview Content */,
			);
			path = stocksearch;
			sourceTree = "<group>";
		};
		2D4E0EB22BCB80AE005D7C78 /* Preview Content */ = {
			isa = PBXGroup;
			children = (
				2D4E0EB32BCB80AE005D7C78 /* Preview Assets.xcassets */,
			);
			path = "Preview Content";
			sourceTree = "<group>";
		};
		2D4E0EBC2BCB80AF005D7C78 /* stocksearchTests */ = {
			isa = PBXGroup;
			children = (
				2D4E0EBD2BCB80AF005D7C78 /* stocksearchTests.swift */,
			);
			path = stocksearchTests;
			sourceTree = "<group>";
		};
		2D4E0EC62BCB80AF005D7C78 /* stocksearchUITests */ = {
			isa = PBXGroup;
			children = (
				2D4E0EC72BCB80AF005D7C78 /* stocksearchUITests.swift */,
				2D4E0EC92BCB80AF005D7C78 /* stocksearchUITestsLaunchTests.swift */,
			);
			path = stocksearchUITests;
			sourceTree = "<group>";
		};
		2D4E0EDF2BCBB4E4005D7C78 /* Views */ = {
			isa = PBXGroup;
			children = (
				2D4E0ED72BCBA775005D7C78 /* HomeScreen.swift */,
				2D4E0EDD2BCBAC3A005D7C78 /* DateView.swift */,
				2D4E0EE12BCBB504005D7C78 /* PortfolioView.swift */,
			);
			path = Views;
			sourceTree = "<group>";
		};
		2D4E0EE02BCBB4EE005D7C78 /* Models */ = {
			isa = PBXGroup;
			children = (
				2D4E0ED92BCBAAAC005D7C78 /* DateViewModel.swift */,
				2D4E0EE32BCBB518005D7C78 /* PortfolioViewModel.swift */,
				2D4E0EE52BCBB5B4005D7C78 /* StockModel.swift */,
				2D4E0EEA2BCBBAC5005D7C78 /* UserDataModel.swift */,
				2D5472402BCD1E0C00EFE040 /* SearchViewModel.swift */,
			);
			path = Models;
			sourceTree = "<group>";
		};
/* End PBXGroup section */

/* Begin PBXNativeTarget section */
		2D4E0EA82BCB80AC005D7C78 /* stocksearch */ = {
			isa = PBXNativeTarget;
			buildConfigurationList = 2D4E0ECD2BCB80AF005D7C78 /* Build configuration list for PBXNativeTarget "stocksearch" */;
			buildPhases = (
				2D4E0EA52BCB80AC005D7C78 /* Sources */,
				2D4E0EA62BCB80AC005D7C78 /* Frameworks */,
				2D4E0EA72BCB80AC005D7C78 /* Resources */,
			);
			buildRules = (
			);
			dependencies = (
			);
			name = stocksearch;
			packageProductDependencies = (
				2D4E0EE82BCBB6CE005D7C78 /* Alamofire */,
			);
			productName = stocksearch;
			productReference = 2D4E0EA92BCB80AC005D7C78 /* stocksearch.app */;
			productType = "com.apple.product-type.application";
		};
		2D4E0EB82BCB80AF005D7C78 /* stocksearchTests */ = {
			isa = PBXNativeTarget;
			buildConfigurationList = 2D4E0ED02BCB80AF005D7C78 /* Build configuration list for PBXNativeTarget "stocksearchTests" */;
			buildPhases = (
				2D4E0EB52BCB80AF005D7C78 /* Sources */,
				2D4E0EB62BCB80AF005D7C78 /* Frameworks */,
				2D4E0EB72BCB80AF005D7C78 /* Resources */,
			);
			buildRules = (
			);
			dependencies = (
				2D4E0EBB2BCB80AF005D7C78 /* PBXTargetDependency */,
			);
			name = stocksearchTests;
			productName = stocksearchTests;
			productReference = 2D4E0EB92BCB80AF005D7C78 /* stocksearchTests.xctest */;
			productType = "com.apple.product-type.bundle.unit-test";
		};
		2D4E0EC22BCB80AF005D7C78 /* stocksearchUITests */ = {
			isa = PBXNativeTarget;
			buildConfigurationList = 2D4E0ED32BCB80AF005D7C78 /* Build configuration list for PBXNativeTarget "stocksearchUITests" */;
			buildPhases = (
				2D4E0EBF2BCB80AF005D7C78 /* Sources */,
				2D4E0EC02BCB80AF005D7C78 /* Frameworks */,
				2D4E0EC12BCB80AF005D7C78 /* Resources */,
			);
			buildRules = (
			);
			dependencies = (
				2D4E0EC52BCB80AF005D7C78 /* PBXTargetDependency */,
			);
			name = stocksearchUITests;
			productName = stocksearchUITests;
			productReference = 2D4E0EC32BCB80AF005D7C78 /* stocksearchUITests.xctest */;
			productType = "com.apple.product-type.bundle.ui-testing";
		};
/* End PBXNativeTarget section */

/* Begin PBXProject section */
		2D4E0EA12BCB80AC005D7C78 /* Project object */ = {
			isa = PBXProject;
			attributes = {
				BuildIndependentTargetsInParallel = 1;
				LastSwiftUpdateCheck = 1530;
				LastUpgradeCheck = 1530;
				TargetAttributes = {
					2D4E0EA82BCB80AC005D7C78 = {
						CreatedOnToolsVersion = 15.3;
					};
					2D4E0EB82BCB80AF005D7C78 = {
						CreatedOnToolsVersion = 15.3;
						TestTargetID = 2D4E0EA82BCB80AC005D7C78;
					};
					2D4E0EC22BCB80AF005D7C78 = {
						CreatedOnToolsVersion = 15.3;
						TestTargetID = 2D4E0EA82BCB80AC005D7C78;
					};
				};
			};
			buildConfigurationList = 2D4E0EA42BCB80AC005D7C78 /* Build configuration list for PBXProject "stocksearch" */;
			compatibilityVersion = "Xcode 14.0";
			developmentRegion = en;
			hasScannedForEncodings = 0;
			knownRegions = (
				en,
				Base,
			);
			mainGroup = 2D4E0EA02BCB80AC005D7C78;
			packageReferences = (
				2D4E0EE72BCBB6CE005D7C78 /* XCRemoteSwiftPackageReference "Alamofire" */,
			);
			productRefGroup = 2D4E0EAA2BCB80AC005D7C78 /* Products */;
			projectDirPath = "";
			projectRoot = "";
			targets = (
				2D4E0EA82BCB80AC005D7C78 /* stocksearch */,
				2D4E0EB82BCB80AF005D7C78 /* stocksearchTests */,
				2D4E0EC22BCB80AF005D7C78 /* stocksearchUITests */,
			);
		};
/* End PBXProject section */

/* Begin PBXResourcesBuildPhase section */
		2D4E0EA72BCB80AC005D7C78 /* Resources */ = {
			isa = PBXResourcesBuildPhase;
			buildActionMask = 2147483647;
			files = (
				2D4E0EB42BCB80AE005D7C78 /* Preview Assets.xcassets in Resources */,
				2D4E0EB12BCB80AE005D7C78 /* Assets.xcassets in Resources */,
			);
			runOnlyForDeploymentPostprocessing = 0;
		};
		2D4E0EB72BCB80AF005D7C78 /* Resources */ = {
			isa = PBXResourcesBuildPhase;
			buildActionMask = 2147483647;
			files = (
			);
			runOnlyForDeploymentPostprocessing = 0;
		};
		2D4E0EC12BCB80AF005D7C78 /* Resources */ = {
			isa = PBXResourcesBuildPhase;
			buildActionMask = 2147483647;
			files = (
			);
			runOnlyForDeploymentPostprocessing = 0;
		};
/* End PBXResourcesBuildPhase section */

/* Begin PBXSourcesBuildPhase section */
		2D4E0EA52BCB80AC005D7C78 /* Sources */ = {
			isa = PBXSourcesBuildPhase;
			buildActionMask = 2147483647;
			files = (
				2D4E0EE62BCBB5B4005D7C78 /* StockModel.swift in Sources */,
				2D4E0EDE2BCBAC3A005D7C78 /* DateView.swift in Sources */,
				2D4E0EE22BCBB504005D7C78 /* PortfolioView.swift in Sources */,
				2D4E0EDA2BCBAAAC005D7C78 /* DateViewModel.swift in Sources */,
				2D4E0EE42BCBB518005D7C78 /* PortfolioViewModel.swift in Sources */,
				2D4E0EAF2BCB80AC005D7C78 /* ContentView.swift in Sources */,
				2D5472412BCD1E0C00EFE040 /* SearchViewModel.swift in Sources */,
				2D4E0EEB2BCBBAC5005D7C78 /* UserDataModel.swift in Sources */,
				2D4E0EAD2BCB80AC005D7C78 /* stocksearchApp.swift in Sources */,
				2D4E0ED82BCBA775005D7C78 /* HomeScreen.swift in Sources */,
			);
			runOnlyForDeploymentPostprocessing = 0;
		};
		2D4E0EB52BCB80AF005D7C78 /* Sources */ = {
			isa = PBXSourcesBuildPhase;
			buildActionMask = 2147483647;
			files = (
				2D4E0EBE2BCB80AF005D7C78 /* stocksearchTests.swift in Sources */,
			);
			runOnlyForDeploymentPostprocessing = 0;
		};
		2D4E0EBF2BCB80AF005D7C78 /* Sources */ = {
			isa = PBXSourcesBuildPhase;
			buildActionMask = 2147483647;
			files = (
				2D4E0EC82BCB80AF005D7C78 /* stocksearchUITests.swift in Sources */,
				2D4E0ECA2BCB80AF005D7C78 /* stocksearchUITestsLaunchTests.swift in Sources */,
			);
			runOnlyForDeploymentPostprocessing = 0;
		};
/* End PBXSourcesBuildPhase section */

/* Begin PBXTargetDependency section */
		2D4E0EBB2BCB80AF005D7C78 /* PBXTargetDependency */ = {
			isa = PBXTargetDependency;
			target = 2D4E0EA82BCB80AC005D7C78 /* stocksearch */;
			targetProxy = 2D4E0EBA2BCB80AF005D7C78 /* PBXContainerItemProxy */;
		};
		2D4E0EC52BCB80AF005D7C78 /* PBXTargetDependency */ = {
			isa = PBXTargetDependency;
			target = 2D4E0EA82BCB80AC005D7C78 /* stocksearch */;
			targetProxy = 2D4E0EC42BCB80AF005D7C78 /* PBXContainerItemProxy */;
		};
/* End PBXTargetDependency section */

/* Begin XCBuildConfiguration section */
		2D4E0ECB2BCB80AF005D7C78 /* Debug */ = {
			isa = XCBuildConfiguration;
			buildSettings = {
				ALWAYS_SEARCH_USER_PATHS = NO;
				ASSETCATALOG_COMPILER_GENERATE_SWIFT_ASSET_SYMBOL_EXTENSIONS = YES;
				CLANG_ANALYZER_NONNULL = YES;
				CLANG_ANALYZER_NUMBER_OBJECT_CONVERSION = YES_AGGRESSIVE;
				CLANG_CXX_LANGUAGE_STANDARD = "gnu++20";
				CLANG_ENABLE_MODULES = YES;
				CLANG_ENABLE_OBJC_ARC = YES;
				CLANG_ENABLE_OBJC_WEAK = YES;
				CLANG_WARN_BLOCK_CAPTURE_AUTORELEASING = YES;
				CLANG_WARN_BOOL_CONVERSION = YES;
				CLANG_WARN_COMMA = YES;
				CLANG_WARN_CONSTANT_CONVERSION = YES;
				CLANG_WARN_DEPRECATED_OBJC_IMPLEMENTATIONS = YES;
				CLANG_WARN_DIRECT_OBJC_ISA_USAGE = YES_ERROR;
				CLANG_WARN_DOCUMENTATION_COMMENTS = YES;
				CLANG_WARN_EMPTY_BODY = YES;
				CLANG_WARN_ENUM_CONVERSION = YES;
				CLANG_WARN_INFINITE_RECURSION = YES;
				CLANG_WARN_INT_CONVERSION = YES;
				CLANG_WARN_NON_LITERAL_NULL_CONVERSION = YES;
				CLANG_WARN_OBJC_IMPLICIT_RETAIN_SELF = YES;
				CLANG_WARN_OBJC_LITERAL_CONVERSION = YES;
				CLANG_WARN_OBJC_ROOT_CLASS = YES_ERROR;
				CLANG_WARN_QUOTED_INCLUDE_IN_FRAMEWORK_HEADER = YES;
				CLANG_WARN_RANGE_LOOP_ANALYSIS = YES;
				CLANG_WARN_STRICT_PROTOTYPES = YES;
				CLANG_WARN_SUSPICIOUS_MOVE = YES;
				CLANG_WARN_UNGUARDED_AVAILABILITY = YES_AGGRESSIVE;
				CLANG_WARN_UNREACHABLE_CODE = YES;
				CLANG_WARN__DUPLICATE_METHOD_MATCH = YES;
				COPY_PHASE_STRIP = NO;
				DEBUG_INFORMATION_FORMAT = dwarf;
				ENABLE_STRICT_OBJC_MSGSEND = YES;
				ENABLE_TESTABILITY = YES;
				ENABLE_USER_SCRIPT_SANDBOXING = YES;
				GCC_C_LANGUAGE_STANDARD = gnu17;
				GCC_DYNAMIC_NO_PIC = NO;
				GCC_NO_COMMON_BLOCKS = YES;
				GCC_OPTIMIZATION_LEVEL = 0;
				GCC_PREPROCESSOR_DEFINITIONS = (
					"DEBUG=1",
					"$(inherited)",
				);
				GCC_WARN_64_TO_32_BIT_CONVERSION = YES;
				GCC_WARN_ABOUT_RETURN_TYPE = YES_ERROR;
				GCC_WARN_UNDECLARED_SELECTOR = YES;
				GCC_WARN_UNINITIALIZED_AUTOS = YES_AGGRESSIVE;
				GCC_WARN_UNUSED_FUNCTION = YES;
				GCC_WARN_UNUSED_VARIABLE = YES;
				IPHONEOS_DEPLOYMENT_TARGET = 17.4;
				LOCALIZATION_PREFERS_STRING_CATALOGS = YES;
				MTL_ENABLE_DEBUG_INFO = INCLUDE_SOURCE;
				MTL_FAST_MATH = YES;
				ONLY_ACTIVE_ARCH = YES;
				SDKROOT = iphoneos;
				SWIFT_ACTIVE_COMPILATION_CONDITIONS = "DEBUG $(inherited)";
				SWIFT_OPTIMIZATION_LEVEL = "-Onone";
			};
			name = Debug;
		};
		2D4E0ECC2BCB80AF005D7C78 /* Release */ = {
			isa = XCBuildConfiguration;
			buildSettings = {
				ALWAYS_SEARCH_USER_PATHS = NO;
				ASSETCATALOG_COMPILER_GENERATE_SWIFT_ASSET_SYMBOL_EXTENSIONS = YES;
				CLANG_ANALYZER_NONNULL = YES;
				CLANG_ANALYZER_NUMBER_OBJECT_CONVERSION = YES_AGGRESSIVE;
				CLANG_CXX_LANGUAGE_STANDARD = "gnu++20";
				CLANG_ENABLE_MODULES = YES;
				CLANG_ENABLE_OBJC_ARC = YES;
				CLANG_ENABLE_OBJC_WEAK = YES;
				CLANG_WARN_BLOCK_CAPTURE_AUTORELEASING = YES;
				CLANG_WARN_BOOL_CONVERSION = YES;
				CLANG_WARN_COMMA = YES;
				CLANG_WARN_CONSTANT_CONVERSION = YES;
				CLANG_WARN_DEPRECATED_OBJC_IMPLEMENTATIONS = YES;
				CLANG_WARN_DIRECT_OBJC_ISA_USAGE = YES_ERROR;
				CLANG_WARN_DOCUMENTATION_COMMENTS = YES;
				CLANG_WARN_EMPTY_BODY = YES;
				CLANG_WARN_ENUM_CONVERSION = YES;
				CLANG_WARN_INFINITE_RECURSION = YES;
				CLANG_WARN_INT_CONVERSION = YES;
				CLANG_WARN_NON_LITERAL_NULL_CONVERSION = YES;
				CLANG_WARN_OBJC_IMPLICIT_RETAIN_SELF = YES;
				CLANG_WARN_OBJC_LITERAL_CONVERSION = YES;
				CLANG_WARN_OBJC_ROOT_CLASS = YES_ERROR;
				CLANG_WARN_QUOTED_INCLUDE_IN_FRAMEWORK_HEADER = YES;
				CLANG_WARN_RANGE_LOOP_ANALYSIS = YES;
				CLANG_WARN_STRICT_PROTOTYPES = YES;
				CLANG_WARN_SUSPICIOUS_MOVE = YES;
				CLANG_WARN_UNGUARDED_AVAILABILITY = YES_AGGRESSIVE;
				CLANG_WARN_UNREACHABLE_CODE = YES;
				CLANG_WARN__DUPLICATE_METHOD_MATCH = YES;
				COPY_PHASE_STRIP = NO;
				DEBUG_INFORMATION_FORMAT = "dwarf-with-dsym";
				ENABLE_NS_ASSERTIONS = NO;
				ENABLE_STRICT_OBJC_MSGSEND = YES;
				ENABLE_USER_SCRIPT_SANDBOXING = YES;
				GCC_C_LANGUAGE_STANDARD = gnu17;
				GCC_NO_COMMON_BLOCKS = YES;
				GCC_WARN_64_TO_32_BIT_CONVERSION = YES;
				GCC_WARN_ABOUT_RETURN_TYPE = YES_ERROR;
				GCC_WARN_UNDECLARED_SELECTOR = YES;
				GCC_WARN_UNINITIALIZED_AUTOS = YES_AGGRESSIVE;
				GCC_WARN_UNUSED_FUNCTION = YES;
				GCC_WARN_UNUSED_VARIABLE = YES;
				IPHONEOS_DEPLOYMENT_TARGET = 17.4;
				LOCALIZATION_PREFERS_STRING_CATALOGS = YES;
				MTL_ENABLE_DEBUG_INFO = NO;
				MTL_FAST_MATH = YES;
				SDKROOT = iphoneos;
				SWIFT_COMPILATION_MODE = wholemodule;
				VALIDATE_PRODUCT = YES;
			};
			name = Release;
		};
		2D4E0ECE2BCB80AF005D7C78 /* Debug */ = {
			isa = XCBuildConfiguration;
			buildSettings = {
				ASSETCATALOG_COMPILER_APPICON_NAME = AppIcon;
				ASSETCATALOG_COMPILER_GLOBAL_ACCENT_COLOR_NAME = AccentColor;
				CODE_SIGN_STYLE = Automatic;
				CURRENT_PROJECT_VERSION = 1;
				DEVELOPMENT_ASSET_PATHS = "\"stocksearch/Preview Content\"";
				ENABLE_PREVIEWS = YES;
				GENERATE_INFOPLIST_FILE = YES;
				INFOPLIST_FILE = stocksearch/Info.plist;
				INFOPLIST_KEY_UIApplicationSceneManifest_Generation = YES;
				INFOPLIST_KEY_UIApplicationSupportsIndirectInputEvents = YES;
				INFOPLIST_KEY_UISupportedInterfaceOrientations_iPad = "UIInterfaceOrientationPortrait UIInterfaceOrientationPortraitUpsideDown UIInterfaceOrientationLandscapeLeft UIInterfaceOrientationLandscapeRight";
				INFOPLIST_KEY_UISupportedInterfaceOrientations_iPhone = "UIInterfaceOrientationPortrait UIInterfaceOrientationLandscapeLeft UIInterfaceOrientationLandscapeRight";
				LD_RUNPATH_SEARCH_PATHS = (
					"$(inherited)",
					"@executable_path/Frameworks",
				);
				MARKETING_VERSION = 1.0;
				PRODUCT_BUNDLE_IDENTIFIER = io.magframed.stocksearch;
				PRODUCT_NAME = "$(TARGET_NAME)";
				SWIFT_EMIT_LOC_STRINGS = YES;
				SWIFT_VERSION = 5.0;
				TARGETED_DEVICE_FAMILY = "1,2";
			};
			name = Debug;
		};
		2D4E0ECF2BCB80AF005D7C78 /* Release */ = {
			isa = XCBuildConfiguration;
			buildSettings = {
				ASSETCATALOG_COMPILER_APPICON_NAME = AppIcon;
				ASSETCATALOG_COMPILER_GLOBAL_ACCENT_COLOR_NAME = AccentColor;
				CODE_SIGN_STYLE = Automatic;
				CURRENT_PROJECT_VERSION = 1;
				DEVELOPMENT_ASSET_PATHS = "\"stocksearch/Preview Content\"";
				ENABLE_PREVIEWS = YES;
				GENERATE_INFOPLIST_FILE = YES;
				INFOPLIST_FILE = stocksearch/Info.plist;
				INFOPLIST_KEY_UIApplicationSceneManifest_Generation = YES;
				INFOPLIST_KEY_UIApplicationSupportsIndirectInputEvents = YES;
				INFOPLIST_KEY_UISupportedInterfaceOrientations_iPad = "UIInterfaceOrientationPortrait UIInterfaceOrientationPortraitUpsideDown UIInterfaceOrientationLandscapeLeft UIInterfaceOrientationLandscapeRight";
				INFOPLIST_KEY_UISupportedInterfaceOrientations_iPhone = "UIInterfaceOrientationPortrait UIInterfaceOrientationLandscapeLeft UIInterfaceOrientationLandscapeRight";
				LD_RUNPATH_SEARCH_PATHS = (
					"$(inherited)",
					"@executable_path/Frameworks",
				);
				MARKETING_VERSION = 1.0;
				PRODUCT_BUNDLE_IDENTIFIER = io.magframed.stocksearch;
				PRODUCT_NAME = "$(TARGET_NAME)";
				SWIFT_EMIT_LOC_STRINGS = YES;
				SWIFT_VERSION = 5.0;
				TARGETED_DEVICE_FAMILY = "1,2";
			};
			name = Release;
		};
		2D4E0ED12BCB80AF005D7C78 /* Debug */ = {
			isa = XCBuildConfiguration;
			buildSettings = {
				ALWAYS_EMBED_SWIFT_STANDARD_LIBRARIES = YES;
				BUNDLE_LOADER = "$(TEST_HOST)";
				CODE_SIGN_STYLE = Automatic;
				CURRENT_PROJECT_VERSION = 1;
				GENERATE_INFOPLIST_FILE = YES;
				IPHONEOS_DEPLOYMENT_TARGET = 17.4;
				MARKETING_VERSION = 1.0;
				PRODUCT_BUNDLE_IDENTIFIER = io.magframed.stocksearchTests;
				PRODUCT_NAME = "$(TARGET_NAME)";
				SWIFT_EMIT_LOC_STRINGS = NO;
				SWIFT_VERSION = 5.0;
				TARGETED_DEVICE_FAMILY = "1,2";
				TEST_HOST = "$(BUILT_PRODUCTS_DIR)/stocksearch.app/$(BUNDLE_EXECUTABLE_FOLDER_PATH)/stocksearch";
			};
			name = Debug;
		};
		2D4E0ED22BCB80AF005D7C78 /* Release */ = {
			isa = XCBuildConfiguration;
			buildSettings = {
				ALWAYS_EMBED_SWIFT_STANDARD_LIBRARIES = YES;
				BUNDLE_LOADER = "$(TEST_HOST)";
				CODE_SIGN_STYLE = Automatic;
				CURRENT_PROJECT_VERSION = 1;
				GENERATE_INFOPLIST_FILE = YES;
				IPHONEOS_DEPLOYMENT_TARGET = 17.4;
				MARKETING_VERSION = 1.0;
				PRODUCT_BUNDLE_IDENTIFIER = io.magframed.stocksearchTests;
				PRODUCT_NAME = "$(TARGET_NAME)";
				SWIFT_EMIT_LOC_STRINGS = NO;
				SWIFT_VERSION = 5.0;
				TARGETED_DEVICE_FAMILY = "1,2";
				TEST_HOST = "$(BUILT_PRODUCTS_DIR)/stocksearch.app/$(BUNDLE_EXECUTABLE_FOLDER_PATH)/stocksearch";
			};
			name = Release;
		};
		2D4E0ED42BCB80AF005D7C78 /* Debug */ = {
			isa = XCBuildConfiguration;
			buildSettings = {
				ALWAYS_EMBED_SWIFT_STANDARD_LIBRARIES = YES;
				CODE_SIGN_STYLE = Automatic;
				CURRENT_PROJECT_VERSION = 1;
				GENERATE_INFOPLIST_FILE = YES;
				MARKETING_VERSION = 1.0;
				PRODUCT_BUNDLE_IDENTIFIER = io.magframed.stocksearchUITests;
				PRODUCT_NAME = "$(TARGET_NAME)";
				SWIFT_EMIT_LOC_STRINGS = NO;
				SWIFT_VERSION = 5.0;
				TARGETED_DEVICE_FAMILY = "1,2";
				TEST_TARGET_NAME = stocksearch;
			};
			name = Debug;
		};
		2D4E0ED52BCB80AF005D7C78 /* Release */ = {
			isa = XCBuildConfiguration;
			buildSettings = {
				ALWAYS_EMBED_SWIFT_STANDARD_LIBRARIES = YES;
				CODE_SIGN_STYLE = Automatic;
				CURRENT_PROJECT_VERSION = 1;
				GENERATE_INFOPLIST_FILE = YES;
				MARKETING_VERSION = 1.0;
				PRODUCT_BUNDLE_IDENTIFIER = io.magframed.stocksearchUITests;
				PRODUCT_NAME = "$(TARGET_NAME)";
				SWIFT_EMIT_LOC_STRINGS = NO;
				SWIFT_VERSION = 5.0;
				TARGETED_DEVICE_FAMILY = "1,2";
				TEST_TARGET_NAME = stocksearch;
			};
			name = Release;
		};
/* End XCBuildConfiguration section */

/* Begin XCConfigurationList section */
		2D4E0EA42BCB80AC005D7C78 /* Build configuration list for PBXProject "stocksearch" */ = {
			isa = XCConfigurationList;
			buildConfigurations = (
				2D4E0ECB2BCB80AF005D7C78 /* Debug */,
				2D4E0ECC2BCB80AF005D7C78 /* Release */,
			);
			defaultConfigurationIsVisible = 0;
			defaultConfigurationName = Release;
		};
		2D4E0ECD2BCB80AF005D7C78 /* Build configuration list for PBXNativeTarget "stocksearch" */ = {
			isa = XCConfigurationList;
			buildConfigurations = (
				2D4E0ECE2BCB80AF005D7C78 /* Debug */,
				2D4E0ECF2BCB80AF005D7C78 /* Release */,
			);
			defaultConfigurationIsVisible = 0;
			defaultConfigurationName = Release;
		};
		2D4E0ED02BCB80AF005D7C78 /* Build configuration list for PBXNativeTarget "stocksearchTests" */ = {
			isa = XCConfigurationList;
			buildConfigurations = (
				2D4E0ED12BCB80AF005D7C78 /* Debug */,
				2D4E0ED22BCB80AF005D7C78 /* Release */,
			);
			defaultConfigurationIsVisible = 0;
			defaultConfigurationName = Release;
		};
		2D4E0ED32BCB80AF005D7C78 /* Build configuration list for PBXNativeTarget "stocksearchUITests" */ = {
			isa = XCConfigurationList;
			buildConfigurations = (
				2D4E0ED42BCB80AF005D7C78 /* Debug */,
				2D4E0ED52BCB80AF005D7C78 /* Release */,
			);
			defaultConfigurationIsVisible = 0;
			defaultConfigurationName = Release;
		};
/* End XCConfigurationList section */

/* Begin XCRemoteSwiftPackageReference section */
		2D4E0EE72BCBB6CE005D7C78 /* XCRemoteSwiftPackageReference "Alamofire" */ = {
			isa = XCRemoteSwiftPackageReference;
			repositoryURL = "https://github.com/Alamofire/Alamofire.git";
			requirement = {
				kind = upToNextMajorVersion;
				minimumVersion = 5.9.1;
			};
		};
/* End XCRemoteSwiftPackageReference section */

/* Begin XCSwiftPackageProductDependency section */
		2D4E0EE82BCBB6CE005D7C78 /* Alamofire */ = {
			isa = XCSwiftPackageProductDependency;
			package = 2D4E0EE72BCBB6CE005D7C78 /* XCRemoteSwiftPackageReference "Alamofire" */;
			productName = Alamofire;
		};
/* End XCSwiftPackageProductDependency section */
	};
	rootObject = 2D4E0EA12BCB80AC005D7C78 /* Project object */;
}
